
Microsoft Visual Studio Solution File, Format Version 12.00
# Visual Studio Version 17
VisualStudioVersion = 17.9.34622.214
MinimumVisualStudioVersion = 10.0.40219.1
Project("{FAE04EC0-301F-11D3-BF4B-00C04F79EFBC}") = "01-WebApplication", "01-WebApplication.csproj", "{73839244-1501-47C4-B3F3-64F37A28548D}"
EndProject
Global
	GlobalSection(SolutionConfigurationPlatforms) = preSolution
		Debug|Any CPU = Debug|Any CPU
		Release|Any CPU = Release|Any CPU
	EndGlobalSection
	GlobalSection(ProjectConfigurationPlatforms) = postSolution
		{73839244-1501-47C4-B3F3-64F37A28548D}.Debug|Any CPU.ActiveCfg = Debug|Any CPU
		{73839244-1501-47C4-B3F3-64F37A28548D}.Debug|Any CPU.Build.0 = Debug|Any CPU
		{73839244-1501-47C4-B3F3-64F37A28548D}.Release|Any CPU.ActiveCfg = Release|Any CPU
		{73839244-1501-47C4-B3F3-64F37A28548D}.Release|Any CPU.Build.0 = Release|Any CPU
	EndGlobalSection
	GlobalSection(SolutionProperties) = preSolution
		HideSolutionNode = FALSE
	EndGlobalSection
	GlobalSection(ExtensibilityGlobals) = postSolution
		SolutionGuid = {28D7CA27-F186-4697-A5B8-37E1C8BA2AC9}
	EndGlobalSection
EndGlobal
