
Microsoft Visual Studio Solution File, Format Version 12.00
# Visual Studio Version 17
VisualStudioVersion = 17.9.34622.214
MinimumVisualStudioVersion = 10.0.40219.1
Project("{FAE04EC0-301F-11D3-BF4B-00C04F79EFBC}") = "03-Class", "03-Class.csproj", "{691807F8-AE82-488C-9AB7-93D6E09E553E}"
EndProject
Project("{9A19103F-16F7-4668-BE54-9A1E7A4F7556}") = "00-PruebaApp", "..\00-PruebaApp\00-PruebaApp.csproj", "{D9B87760-7315-44B1-867C-0C2B45144E75}"
EndProject
Project("{9A19103F-16F7-4668-BE54-9A1E7A4F7556}") = "01-WebApplication", "..\01-WebApplication\01-WebApplication.csproj", "{F5349AC0-6651-41A1-A4E8-C527132AEB4B}"
EndProject
Project("{FAE04EC0-301F-11D3-BF4B-00C04F79EFBC}") = "02-CSharpTutorial", "..\02-CSharpTutorial\02-CSharpTutorial.csproj", "{C3E64DB2-5816-4A45-93F4-3E47882FFF70}"
EndProject
Project("{FAE04EC0-301F-11D3-BF4B-00C04F79EFBC}") = "04-DateTime", "..\04-DateTime\04-DateTime.csproj", "{AD038675-38E5-402F-923C-CC807A26F260}"
EndProject
Project("{FAE04EC0-301F-11D3-BF4B-00C04F79EFBC}") = "05-Structures", "..\05-Structures\05-Structures.csproj", "{9A379837-0C60-42F3-8399-EF76E35BC344}"
EndProject
Project("{FAE04EC0-301F-11D3-BF4B-00C04F79EFBC}") = "06-Enums", "..\06-Enums\06-Enums.csproj", "{9811C6DC-C583-42CC-A6E6-7959FFA62D3F}"
EndProject
Project("{FAE04EC0-301F-11D3-BF4B-00C04F79EFBC}") = "07-StringBuilder", "..\07-StringBuilder\07-StringBuilder.csproj", "{E4E7E736-DEC8-4DCD-95D8-DAFEC9B43A02}"
EndProject
Project("{FAE04EC0-301F-11D3-BF4B-00C04F79EFBC}") = "08-Anonymus-Type", "..\08-Anonymus-Type\08-Anonymus-Type.csproj", "{8980D62A-E799-4C9F-90C5-76317C6402F7}"
EndProject
Project("{FAE04EC0-301F-11D3-BF4B-00C04F79EFBC}") = "09-Dynamics", "..\09-Dynamics\09-Dynamics.csproj", "{AABF1D09-F4D5-4B2B-9F79-8B2DDE659250}"
EndProject
Project("{FAE04EC0-301F-11D3-BF4B-00C04F79EFBC}") = "10-Nullables", "..\10-Nullables\10-Nullables.csproj", "{39EC20F6-8888-433A-A334-B05C244558FC}"
EndProject
Project("{FAE04EC0-301F-11D3-BF4B-00C04F79EFBC}") = "11-ValueAndReferenceTypes", "..\ValueAndReferenceTypes\11-ValueAndReferenceTypes.csproj", "{70D2658D-F4C8-460F-99D5-004622C1D477}"
EndProject
Project("{FAE04EC0-301F-11D3-BF4B-00C04F79EFBC}") = "12-Interface", "..\12-Interface\12-Interface.csproj", "{B96B08E7-32B1-495E-B40E-AA82A42EDD0D}"
EndProject
Project("{9A19103F-16F7-4668-BE54-9A1E7A4F7556}") = "13-Operators", "..\13-Operators\13-Operators.csproj", "{8B56601B-DA3F-4E61-9047-B8B87E755F19}"
EndProject
Project("{FAE04EC0-301F-11D3-BF4B-00C04F79EFBC}") = "14-PartialClassAndMethods", "..\14-PartialClassAndMethods\14-PartialClassAndMethods.csproj", "{0B4D1639-C58B-47C9-926B-6F2A5DADC3B8}"
EndProject
Project("{FAE04EC0-301F-11D3-BF4B-00C04F79EFBC}") = "15-StaticClassMethodsConstructorsFields", "..\15-StaticClassMethodsConstructorsFields\15-StaticClassMethodsConstructorsFields.csproj", "{1D21C7D0-BC28-49DD-B401-8A6196264E21}"
EndProject
Project("{FAE04EC0-301F-11D3-BF4B-00C04F79EFBC}") = "16-ObjectInitializerSyntax", "..\16-ObjectInitializerSyntax\16-ObjectInitializerSyntax.csproj", "{327077FE-C770-4BF0-B8C6-41810C125285}"
EndProject
Project("{FAE04EC0-301F-11D3-BF4B-00C04F79EFBC}") = "17-CovarianzaContravarianza", "..\17-CovarianzaContravarianza\17-CovarianzaContravarianza.csproj", "{DD7A227C-6274-4B00-8A7F-F6E269D716D7}"
EndProject
Project("{9A19103F-16F7-4668-BE54-9A1E7A4F7556}") = "18-ExtensionesMetodos", "..\23-ExtensionesMetodos\18-ExtensionesMetodos.csproj", "{A13554C8-8D8A-4E96-BA21-BC9BFD049704}"
EndProject
Project("{FAE04EC0-301F-11D3-BF4B-00C04F79EFBC}") = "19-StatementsIf", "..\19-StatementsIf\19-StatementsIf.csproj", "{48B86033-7A2E-42C9-BF8E-358E2BF32031}"
EndProject
Project("{FAE04EC0-301F-11D3-BF4B-00C04F79EFBC}") = "20-TernaryOperator", "..\20-TernaryOperator\20-TernaryOperator.csproj", "{BB3DD339-0C96-49B1-A630-AD5FC19ACB54}"
EndProject
Project("{FAE04EC0-301F-11D3-BF4B-00C04F79EFBC}") = "21-Switch", "..\21-Switch\21-Switch.csproj", "{2C7222C2-76BA-401A-83F2-801A765F5EAB}"
EndProject
Project("{FAE04EC0-301F-11D3-BF4B-00C04F79EFBC}") = "22-BucleFor", "..\22-BucleFor\22-BucleFor.csproj", "{B8A4599E-2BAA-4FF4-8908-03E0E1D8F72A}"
EndProject
Project("{FAE04EC0-301F-11D3-BF4B-00C04F79EFBC}") = "23-Arrays", "..\23-Arrays\23-Arrays.csproj", "{5F9CA3AB-7D10-465C-AC1D-8428FF669ADA}"
EndProject
Project("{FAE04EC0-301F-11D3-BF4B-00C04F79EFBC}") = "24-ArrayMultidimensional", "..\24-ArrayMultidimensional\24-ArrayMultidimensional.csproj", "{7C12B7B0-CC73-44A3-A190-4749331007C8}"
EndProject
Project("{FAE04EC0-301F-11D3-BF4B-00C04F79EFBC}") = "25-MatricesIrregulares", "..\25-MatricesIrregulares\25-MatricesIrregulares.csproj", "{6FBBCFE8-2F10-4701-ACA2-A1A5DFB8CA14}"
EndProject
Project("{FAE04EC0-301F-11D3-BF4B-00C04F79EFBC}") = "26-ArrayList", "..\26-ArrayList\26-ArrayList.csproj", "{5734B682-AC4D-4651-90EB-C83F3564DA71}"
EndProject
Project("{FAE04EC0-301F-11D3-BF4B-00C04F79EFBC}") = "27-List", "..\27-List\27-List.csproj", "{2D5285EA-CF54-4A29-B618-87FE54E2F1B2}"
EndProject
Project("{FAE04EC0-301F-11D3-BF4B-00C04F79EFBC}") = "28-SortedList", "..\28-SortedList\28-SortedList.csproj", "{71F7C597-11CA-43F8-AB9E-36F2A85DDDB9}"
EndProject
Global
	GlobalSection(SolutionConfigurationPlatforms) = preSolution
		Debug|Any CPU = Debug|Any CPU
		Release|Any CPU = Release|Any CPU
	EndGlobalSection
	GlobalSection(ProjectConfigurationPlatforms) = postSolution
		{691807F8-AE82-488C-9AB7-93D6E09E553E}.Debug|Any CPU.ActiveCfg = Debug|Any CPU
		{691807F8-AE82-488C-9AB7-93D6E09E553E}.Debug|Any CPU.Build.0 = Debug|Any CPU
		{691807F8-AE82-488C-9AB7-93D6E09E553E}.Release|Any CPU.ActiveCfg = Release|Any CPU
		{691807F8-AE82-488C-9AB7-93D6E09E553E}.Release|Any CPU.Build.0 = Release|Any CPU
		{D9B87760-7315-44B1-867C-0C2B45144E75}.Debug|Any CPU.ActiveCfg = Debug|Any CPU
		{D9B87760-7315-44B1-867C-0C2B45144E75}.Debug|Any CPU.Build.0 = Debug|Any CPU
		{D9B87760-7315-44B1-867C-0C2B45144E75}.Release|Any CPU.ActiveCfg = Release|Any CPU
		{D9B87760-7315-44B1-867C-0C2B45144E75}.Release|Any CPU.Build.0 = Release|Any CPU
		{F5349AC0-6651-41A1-A4E8-C527132AEB4B}.Debug|Any CPU.ActiveCfg = Debug|Any CPU
		{F5349AC0-6651-41A1-A4E8-C527132AEB4B}.Debug|Any CPU.Build.0 = Debug|Any CPU
		{F5349AC0-6651-41A1-A4E8-C527132AEB4B}.Release|Any CPU.ActiveCfg = Release|Any CPU
		{F5349AC0-6651-41A1-A4E8-C527132AEB4B}.Release|Any CPU.Build.0 = Release|Any CPU
		{C3E64DB2-5816-4A45-93F4-3E47882FFF70}.Debug|Any CPU.ActiveCfg = Debug|Any CPU
		{C3E64DB2-5816-4A45-93F4-3E47882FFF70}.Debug|Any CPU.Build.0 = Debug|Any CPU
		{C3E64DB2-5816-4A45-93F4-3E47882FFF70}.Release|Any CPU.ActiveCfg = Release|Any CPU
		{C3E64DB2-5816-4A45-93F4-3E47882FFF70}.Release|Any CPU.Build.0 = Release|Any CPU
		{AD038675-38E5-402F-923C-CC807A26F260}.Debug|Any CPU.ActiveCfg = Debug|Any CPU
		{AD038675-38E5-402F-923C-CC807A26F260}.Debug|Any CPU.Build.0 = Debug|Any CPU
		{AD038675-38E5-402F-923C-CC807A26F260}.Release|Any CPU.ActiveCfg = Release|Any CPU
		{AD038675-38E5-402F-923C-CC807A26F260}.Release|Any CPU.Build.0 = Release|Any CPU
		{9A379837-0C60-42F3-8399-EF76E35BC344}.Debug|Any CPU.ActiveCfg = Debug|Any CPU
		{9A379837-0C60-42F3-8399-EF76E35BC344}.Debug|Any CPU.Build.0 = Debug|Any CPU
		{9A379837-0C60-42F3-8399-EF76E35BC344}.Release|Any CPU.ActiveCfg = Release|Any CPU
		{9A379837-0C60-42F3-8399-EF76E35BC344}.Release|Any CPU.Build.0 = Release|Any CPU
		{9811C6DC-C583-42CC-A6E6-7959FFA62D3F}.Debug|Any CPU.ActiveCfg = Debug|Any CPU
		{9811C6DC-C583-42CC-A6E6-7959FFA62D3F}.Debug|Any CPU.Build.0 = Debug|Any CPU
		{9811C6DC-C583-42CC-A6E6-7959FFA62D3F}.Release|Any CPU.ActiveCfg = Release|Any CPU
		{9811C6DC-C583-42CC-A6E6-7959FFA62D3F}.Release|Any CPU.Build.0 = Release|Any CPU
		{E4E7E736-DEC8-4DCD-95D8-DAFEC9B43A02}.Debug|Any CPU.ActiveCfg = Debug|Any CPU
		{E4E7E736-DEC8-4DCD-95D8-DAFEC9B43A02}.Debug|Any CPU.Build.0 = Debug|Any CPU
		{E4E7E736-DEC8-4DCD-95D8-DAFEC9B43A02}.Release|Any CPU.ActiveCfg = Release|Any CPU
		{E4E7E736-DEC8-4DCD-95D8-DAFEC9B43A02}.Release|Any CPU.Build.0 = Release|Any CPU
		{8980D62A-E799-4C9F-90C5-76317C6402F7}.Debug|Any CPU.ActiveCfg = Debug|Any CPU
		{8980D62A-E799-4C9F-90C5-76317C6402F7}.Debug|Any CPU.Build.0 = Debug|Any CPU
		{8980D62A-E799-4C9F-90C5-76317C6402F7}.Release|Any CPU.ActiveCfg = Release|Any CPU
		{8980D62A-E799-4C9F-90C5-76317C6402F7}.Release|Any CPU.Build.0 = Release|Any CPU
		{AABF1D09-F4D5-4B2B-9F79-8B2DDE659250}.Debug|Any CPU.ActiveCfg = Debug|Any CPU
		{AABF1D09-F4D5-4B2B-9F79-8B2DDE659250}.Debug|Any CPU.Build.0 = Debug|Any CPU
		{AABF1D09-F4D5-4B2B-9F79-8B2DDE659250}.Release|Any CPU.ActiveCfg = Release|Any CPU
		{AABF1D09-F4D5-4B2B-9F79-8B2DDE659250}.Release|Any CPU.Build.0 = Release|Any CPU
		{39EC20F6-8888-433A-A334-B05C244558FC}.Debug|Any CPU.ActiveCfg = Debug|Any CPU
		{39EC20F6-8888-433A-A334-B05C244558FC}.Debug|Any CPU.Build.0 = Debug|Any CPU
		{39EC20F6-8888-433A-A334-B05C244558FC}.Release|Any CPU.ActiveCfg = Release|Any CPU
		{39EC20F6-8888-433A-A334-B05C244558FC}.Release|Any CPU.Build.0 = Release|Any CPU
		{70D2658D-F4C8-460F-99D5-004622C1D477}.Debug|Any CPU.ActiveCfg = Debug|Any CPU
		{70D2658D-F4C8-460F-99D5-004622C1D477}.Debug|Any CPU.Build.0 = Debug|Any CPU
		{70D2658D-F4C8-460F-99D5-004622C1D477}.Release|Any CPU.ActiveCfg = Release|Any CPU
		{70D2658D-F4C8-460F-99D5-004622C1D477}.Release|Any CPU.Build.0 = Release|Any CPU
		{B96B08E7-32B1-495E-B40E-AA82A42EDD0D}.Debug|Any CPU.ActiveCfg = Debug|Any CPU
		{B96B08E7-32B1-495E-B40E-AA82A42EDD0D}.Debug|Any CPU.Build.0 = Debug|Any CPU
		{B96B08E7-32B1-495E-B40E-AA82A42EDD0D}.Release|Any CPU.ActiveCfg = Release|Any CPU
		{B96B08E7-32B1-495E-B40E-AA82A42EDD0D}.Release|Any CPU.Build.0 = Release|Any CPU
		{8B56601B-DA3F-4E61-9047-B8B87E755F19}.Debug|Any CPU.ActiveCfg = Debug|Any CPU
		{8B56601B-DA3F-4E61-9047-B8B87E755F19}.Debug|Any CPU.Build.0 = Debug|Any CPU
		{8B56601B-DA3F-4E61-9047-B8B87E755F19}.Release|Any CPU.ActiveCfg = Release|Any CPU
		{8B56601B-DA3F-4E61-9047-B8B87E755F19}.Release|Any CPU.Build.0 = Release|Any CPU
		{0B4D1639-C58B-47C9-926B-6F2A5DADC3B8}.Debug|Any CPU.ActiveCfg = Debug|Any CPU
		{0B4D1639-C58B-47C9-926B-6F2A5DADC3B8}.Debug|Any CPU.Build.0 = Debug|Any CPU
		{0B4D1639-C58B-47C9-926B-6F2A5DADC3B8}.Release|Any CPU.ActiveCfg = Release|Any CPU
		{0B4D1639-C58B-47C9-926B-6F2A5DADC3B8}.Release|Any CPU.Build.0 = Release|Any CPU
		{1D21C7D0-BC28-49DD-B401-8A6196264E21}.Debug|Any CPU.ActiveCfg = Debug|Any CPU
		{1D21C7D0-BC28-49DD-B401-8A6196264E21}.Debug|Any CPU.Build.0 = Debug|Any CPU
		{1D21C7D0-BC28-49DD-B401-8A6196264E21}.Release|Any CPU.ActiveCfg = Release|Any CPU
		{1D21C7D0-BC28-49DD-B401-8A6196264E21}.Release|Any CPU.Build.0 = Release|Any CPU
		{327077FE-C770-4BF0-B8C6-41810C125285}.Debug|Any CPU.ActiveCfg = Debug|Any CPU
		{327077FE-C770-4BF0-B8C6-41810C125285}.Debug|Any CPU.Build.0 = Debug|Any CPU
		{327077FE-C770-4BF0-B8C6-41810C125285}.Release|Any CPU.ActiveCfg = Release|Any CPU
		{327077FE-C770-4BF0-B8C6-41810C125285}.Release|Any CPU.Build.0 = Release|Any CPU
		{DD7A227C-6274-4B00-8A7F-F6E269D716D7}.Debug|Any CPU.ActiveCfg = Debug|Any CPU
		{DD7A227C-6274-4B00-8A7F-F6E269D716D7}.Debug|Any CPU.Build.0 = Debug|Any CPU
		{DD7A227C-6274-4B00-8A7F-F6E269D716D7}.Release|Any CPU.ActiveCfg = Release|Any CPU
		{DD7A227C-6274-4B00-8A7F-F6E269D716D7}.Release|Any CPU.Build.0 = Release|Any CPU
		{A13554C8-8D8A-4E96-BA21-BC9BFD049704}.Debug|Any CPU.ActiveCfg = Debug|Any CPU
		{A13554C8-8D8A-4E96-BA21-BC9BFD049704}.Debug|Any CPU.Build.0 = Debug|Any CPU
		{A13554C8-8D8A-4E96-BA21-BC9BFD049704}.Release|Any CPU.ActiveCfg = Release|Any CPU
		{A13554C8-8D8A-4E96-BA21-BC9BFD049704}.Release|Any CPU.Build.0 = Release|Any CPU
		{48B86033-7A2E-42C9-BF8E-358E2BF32031}.Debug|Any CPU.ActiveCfg = Debug|Any CPU
		{48B86033-7A2E-42C9-BF8E-358E2BF32031}.Debug|Any CPU.Build.0 = Debug|Any CPU
		{48B86033-7A2E-42C9-BF8E-358E2BF32031}.Release|Any CPU.ActiveCfg = Release|Any CPU
		{48B86033-7A2E-42C9-BF8E-358E2BF32031}.Release|Any CPU.Build.0 = Release|Any CPU
		{BB3DD339-0C96-49B1-A630-AD5FC19ACB54}.Debug|Any CPU.ActiveCfg = Debug|Any CPU
		{BB3DD339-0C96-49B1-A630-AD5FC19ACB54}.Debug|Any CPU.Build.0 = Debug|Any CPU
		{BB3DD339-0C96-49B1-A630-AD5FC19ACB54}.Release|Any CPU.ActiveCfg = Release|Any CPU
		{BB3DD339-0C96-49B1-A630-AD5FC19ACB54}.Release|Any CPU.Build.0 = Release|Any CPU
		{2C7222C2-76BA-401A-83F2-801A765F5EAB}.Debug|Any CPU.ActiveCfg = Debug|Any CPU
		{2C7222C2-76BA-401A-83F2-801A765F5EAB}.Debug|Any CPU.Build.0 = Debug|Any CPU
		{2C7222C2-76BA-401A-83F2-801A765F5EAB}.Release|Any CPU.ActiveCfg = Release|Any CPU
		{2C7222C2-76BA-401A-83F2-801A765F5EAB}.Release|Any CPU.Build.0 = Release|Any CPU
		{B8A4599E-2BAA-4FF4-8908-03E0E1D8F72A}.Debug|Any CPU.ActiveCfg = Debug|Any CPU
		{B8A4599E-2BAA-4FF4-8908-03E0E1D8F72A}.Debug|Any CPU.Build.0 = Debug|Any CPU
		{B8A4599E-2BAA-4FF4-8908-03E0E1D8F72A}.Release|Any CPU.ActiveCfg = Release|Any CPU
		{B8A4599E-2BAA-4FF4-8908-03E0E1D8F72A}.Release|Any CPU.Build.0 = Release|Any CPU
		{5F9CA3AB-7D10-465C-AC1D-8428FF669ADA}.Debug|Any CPU.ActiveCfg = Debug|Any CPU
		{5F9CA3AB-7D10-465C-AC1D-8428FF669ADA}.Debug|Any CPU.Build.0 = Debug|Any CPU
		{5F9CA3AB-7D10-465C-AC1D-8428FF669ADA}.Release|Any CPU.ActiveCfg = Release|Any CPU
		{5F9CA3AB-7D10-465C-AC1D-8428FF669ADA}.Release|Any CPU.Build.0 = Release|Any CPU
		{7C12B7B0-CC73-44A3-A190-4749331007C8}.Debug|Any CPU.ActiveCfg = Debug|Any CPU
		{7C12B7B0-CC73-44A3-A190-4749331007C8}.Debug|Any CPU.Build.0 = Debug|Any CPU
		{7C12B7B0-CC73-44A3-A190-4749331007C8}.Release|Any CPU.ActiveCfg = Release|Any CPU
		{7C12B7B0-CC73-44A3-A190-4749331007C8}.Release|Any CPU.Build.0 = Release|Any CPU
		{6FBBCFE8-2F10-4701-ACA2-A1A5DFB8CA14}.Debug|Any CPU.ActiveCfg = Debug|Any CPU
		{6FBBCFE8-2F10-4701-ACA2-A1A5DFB8CA14}.Debug|Any CPU.Build.0 = Debug|Any CPU
		{6FBBCFE8-2F10-4701-ACA2-A1A5DFB8CA14}.Release|Any CPU.ActiveCfg = Release|Any CPU
		{6FBBCFE8-2F10-4701-ACA2-A1A5DFB8CA14}.Release|Any CPU.Build.0 = Release|Any CPU
		{5734B682-AC4D-4651-90EB-C83F3564DA71}.Debug|Any CPU.ActiveCfg = Debug|Any CPU
		{5734B682-AC4D-4651-90EB-C83F3564DA71}.Debug|Any CPU.Build.0 = Debug|Any CPU
		{5734B682-AC4D-4651-90EB-C83F3564DA71}.Release|Any CPU.ActiveCfg = Release|Any CPU
		{5734B682-AC4D-4651-90EB-C83F3564DA71}.Release|Any CPU.Build.0 = Release|Any CPU
		{2D5285EA-CF54-4A29-B618-87FE54E2F1B2}.Debug|Any CPU.ActiveCfg = Debug|Any CPU
		{2D5285EA-CF54-4A29-B618-87FE54E2F1B2}.Debug|Any CPU.Build.0 = Debug|Any CPU
		{2D5285EA-CF54-4A29-B618-87FE54E2F1B2}.Release|Any CPU.ActiveCfg = Release|Any CPU
		{2D5285EA-CF54-4A29-B618-87FE54E2F1B2}.Release|Any CPU.Build.0 = Release|Any CPU
		{71F7C597-11CA-43F8-AB9E-36F2A85DDDB9}.Debug|Any CPU.ActiveCfg = Debug|Any CPU
		{71F7C597-11CA-43F8-AB9E-36F2A85DDDB9}.Debug|Any CPU.Build.0 = Debug|Any CPU
		{71F7C597-11CA-43F8-AB9E-36F2A85DDDB9}.Release|Any CPU.ActiveCfg = Release|Any CPU
		{71F7C597-11CA-43F8-AB9E-36F2A85DDDB9}.Release|Any CPU.Build.0 = Release|Any CPU
	EndGlobalSection
	GlobalSection(SolutionProperties) = preSolution
		HideSolutionNode = FALSE
	EndGlobalSection
	GlobalSection(ExtensibilityGlobals) = postSolution
		SolutionGuid = {08554871-669A-4E92-9057-BEAAB7DDFCFF}
	EndGlobalSection
EndGlobal
