
Microsoft Visual Studio Solution File, Format Version 12.00
# Visual Studio Version 17
VisualStudioVersion = 17.9.34622.214
MinimumVisualStudioVersion = 10.0.40219.1
Project("{FAE04EC0-301F-11D3-BF4B-00C04F79EFBC}") = "03-Class", "03-Class.csproj", "{691807F8-AE82-488C-9AB7-93D6E09E553E}"
EndProject
Project("{9A19103F-16F7-4668-BE54-9A1E7A4F7556}") = "00-PruebaApp", "..\00-PruebaApp\00-PruebaApp.csproj", "{D9B87760-7315-44B1-867C-0C2B45144E75}"
EndProject
Project("{9A19103F-16F7-4668-BE54-9A1E7A4F7556}") = "01-WebApplication", "..\01-WebApplication\01-WebApplication.csproj", "{F5349AC0-6651-41A1-A4E8-C527132AEB4B}"
EndProject
Project("{FAE04EC0-301F-11D3-BF4B-00C04F79EFBC}") = "02-CSharpTutorial", "..\02-CSharpTutorial\02-CSharpTutorial.csproj", "{C3E64DB2-5816-4A45-93F4-3E47882FFF70}"
EndProject
Project("{FAE04EC0-301F-11D3-BF4B-00C04F79EFBC}") = "04-DateTime", "..\04-DateTime\04-DateTime.csproj", "{AD038675-38E5-402F-923C-CC807A26F260}"
EndProject
Project("{FAE04EC0-301F-11D3-BF4B-00C04F79EFBC}") = "05-Structures", "..\05-Structures\05-Structures.csproj", "{9A379837-0C60-42F3-8399-EF76E35BC344}"
EndProject
Project("{FAE04EC0-301F-11D3-BF4B-00C04F79EFBC}") = "06-Enums", "..\06-Enums\06-Enums.csproj", "{9811C6DC-C583-42CC-A6E6-7959FFA62D3F}"
EndProject
Project("{FAE04EC0-301F-11D3-BF4B-00C04F79EFBC}") = "07-StringBuilder", "..\07-StringBuilder\07-StringBuilder.csproj", "{E4E7E736-DEC8-4DCD-95D8-DAFEC9B43A02}"
EndProject
Project("{FAE04EC0-301F-11D3-BF4B-00C04F79EFBC}") = "08-Anonymus-Type", "..\08-Anonymus-Type\08-Anonymus-Type.csproj", "{8980D62A-E799-4C9F-90C5-76317C6402F7}"
EndProject
Project("{FAE04EC0-301F-11D3-BF4B-00C04F79EFBC}") = "09-Dynamics", "..\09-Dynamics\09-Dynamics.csproj", "{AABF1D09-F4D5-4B2B-9F79-8B2DDE659250}"
EndProject
Project("{FAE04EC0-301F-11D3-BF4B-00C04F79EFBC}") = "10-Nullables", "..\10-Nullables\10-Nullables.csproj", "{39EC20F6-8888-433A-A334-B05C244558FC}"
EndProject
Project("{FAE04EC0-301F-11D3-BF4B-00C04F79EFBC}") = "11-ValueAndReferenceTypes", "..\ValueAndReferenceTypes\11-ValueAndReferenceTypes.csproj", "{70D2658D-F4C8-460F-99D5-004622C1D477}"
EndProject
Project("{FAE04EC0-301F-11D3-BF4B-00C04F79EFBC}") = "12-Interface", "..\12-Interface\12-Interface.csproj", "{B96B08E7-32B1-495E-B40E-AA82A42EDD0D}"
EndProject
Global
	GlobalSection(SolutionConfigurationPlatforms) = preSolution
		Debug|Any CPU = Debug|Any CPU
		Release|Any CPU = Release|Any CPU
	EndGlobalSection
	GlobalSection(ProjectConfigurationPlatforms) = postSolution
		{691807F8-AE82-488C-9AB7-93D6E09E553E}.Debug|Any CPU.ActiveCfg = Debug|Any CPU
		{691807F8-AE82-488C-9AB7-93D6E09E553E}.Debug|Any CPU.Build.0 = Debug|Any CPU
		{691807F8-AE82-488C-9AB7-93D6E09E553E}.Release|Any CPU.ActiveCfg = Release|Any CPU
		{691807F8-AE82-488C-9AB7-93D6E09E553E}.Release|Any CPU.Build.0 = Release|Any CPU
		{D9B87760-7315-44B1-867C-0C2B45144E75}.Debug|Any CPU.ActiveCfg = Debug|Any CPU
		{D9B87760-7315-44B1-867C-0C2B45144E75}.Debug|Any CPU.Build.0 = Debug|Any CPU
		{D9B87760-7315-44B1-867C-0C2B45144E75}.Release|Any CPU.ActiveCfg = Release|Any CPU
		{D9B87760-7315-44B1-867C-0C2B45144E75}.Release|Any CPU.Build.0 = Release|Any CPU
		{F5349AC0-6651-41A1-A4E8-C527132AEB4B}.Debug|Any CPU.ActiveCfg = Debug|Any CPU
		{F5349AC0-6651-41A1-A4E8-C527132AEB4B}.Debug|Any CPU.Build.0 = Debug|Any CPU
		{F5349AC0-6651-41A1-A4E8-C527132AEB4B}.Release|Any CPU.ActiveCfg = Release|Any CPU
		{F5349AC0-6651-41A1-A4E8-C527132AEB4B}.Release|Any CPU.Build.0 = Release|Any CPU
		{C3E64DB2-5816-4A45-93F4-3E47882FFF70}.Debug|Any CPU.ActiveCfg = Debug|Any CPU
		{C3E64DB2-5816-4A45-93F4-3E47882FFF70}.Debug|Any CPU.Build.0 = Debug|Any CPU
		{C3E64DB2-5816-4A45-93F4-3E47882FFF70}.Release|Any CPU.ActiveCfg = Release|Any CPU
		{C3E64DB2-5816-4A45-93F4-3E47882FFF70}.Release|Any CPU.Build.0 = Release|Any CPU
		{AD038675-38E5-402F-923C-CC807A26F260}.Debug|Any CPU.ActiveCfg = Debug|Any CPU
		{AD038675-38E5-402F-923C-CC807A26F260}.Debug|Any CPU.Build.0 = Debug|Any CPU
		{AD038675-38E5-402F-923C-CC807A26F260}.Release|Any CPU.ActiveCfg = Release|Any CPU
		{AD038675-38E5-402F-923C-CC807A26F260}.Release|Any CPU.Build.0 = Release|Any CPU
		{9A379837-0C60-42F3-8399-EF76E35BC344}.Debug|Any CPU.ActiveCfg = Debug|Any CPU
		{9A379837-0C60-42F3-8399-EF76E35BC344}.Debug|Any CPU.Build.0 = Debug|Any CPU
		{9A379837-0C60-42F3-8399-EF76E35BC344}.Release|Any CPU.ActiveCfg = Release|Any CPU
		{9A379837-0C60-42F3-8399-EF76E35BC344}.Release|Any CPU.Build.0 = Release|Any CPU
		{9811C6DC-C583-42CC-A6E6-7959FFA62D3F}.Debug|Any CPU.ActiveCfg = Debug|Any CPU
		{9811C6DC-C583-42CC-A6E6-7959FFA62D3F}.Debug|Any CPU.Build.0 = Debug|Any CPU
		{9811C6DC-C583-42CC-A6E6-7959FFA62D3F}.Release|Any CPU.ActiveCfg = Release|Any CPU
		{9811C6DC-C583-42CC-A6E6-7959FFA62D3F}.Release|Any CPU.Build.0 = Release|Any CPU
		{E4E7E736-DEC8-4DCD-95D8-DAFEC9B43A02}.Debug|Any CPU.ActiveCfg = Debug|Any CPU
		{E4E7E736-DEC8-4DCD-95D8-DAFEC9B43A02}.Debug|Any CPU.Build.0 = Debug|Any CPU
		{E4E7E736-DEC8-4DCD-95D8-DAFEC9B43A02}.Release|Any CPU.ActiveCfg = Release|Any CPU
		{E4E7E736-DEC8-4DCD-95D8-DAFEC9B43A02}.Release|Any CPU.Build.0 = Release|Any CPU
		{8980D62A-E799-4C9F-90C5-76317C6402F7}.Debug|Any CPU.ActiveCfg = Debug|Any CPU
		{8980D62A-E799-4C9F-90C5-76317C6402F7}.Debug|Any CPU.Build.0 = Debug|Any CPU
		{8980D62A-E799-4C9F-90C5-76317C6402F7}.Release|Any CPU.ActiveCfg = Release|Any CPU
		{8980D62A-E799-4C9F-90C5-76317C6402F7}.Release|Any CPU.Build.0 = Release|Any CPU
		{AABF1D09-F4D5-4B2B-9F79-8B2DDE659250}.Debug|Any CPU.ActiveCfg = Debug|Any CPU
		{AABF1D09-F4D5-4B2B-9F79-8B2DDE659250}.Debug|Any CPU.Build.0 = Debug|Any CPU
		{AABF1D09-F4D5-4B2B-9F79-8B2DDE659250}.Release|Any CPU.ActiveCfg = Release|Any CPU
		{AABF1D09-F4D5-4B2B-9F79-8B2DDE659250}.Release|Any CPU.Build.0 = Release|Any CPU
		{39EC20F6-8888-433A-A334-B05C244558FC}.Debug|Any CPU.ActiveCfg = Debug|Any CPU
		{39EC20F6-8888-433A-A334-B05C244558FC}.Debug|Any CPU.Build.0 = Debug|Any CPU
		{39EC20F6-8888-433A-A334-B05C244558FC}.Release|Any CPU.ActiveCfg = Release|Any CPU
		{39EC20F6-8888-433A-A334-B05C244558FC}.Release|Any CPU.Build.0 = Release|Any CPU
		{70D2658D-F4C8-460F-99D5-004622C1D477}.Debug|Any CPU.ActiveCfg = Debug|Any CPU
		{70D2658D-F4C8-460F-99D5-004622C1D477}.Debug|Any CPU.Build.0 = Debug|Any CPU
		{70D2658D-F4C8-460F-99D5-004622C1D477}.Release|Any CPU.ActiveCfg = Release|Any CPU
		{70D2658D-F4C8-460F-99D5-004622C1D477}.Release|Any CPU.Build.0 = Release|Any CPU
		{B96B08E7-32B1-495E-B40E-AA82A42EDD0D}.Debug|Any CPU.ActiveCfg = Debug|Any CPU
		{B96B08E7-32B1-495E-B40E-AA82A42EDD0D}.Debug|Any CPU.Build.0 = Debug|Any CPU
		{B96B08E7-32B1-495E-B40E-AA82A42EDD0D}.Release|Any CPU.ActiveCfg = Release|Any CPU
		{B96B08E7-32B1-495E-B40E-AA82A42EDD0D}.Release|Any CPU.Build.0 = Release|Any CPU
	EndGlobalSection
	GlobalSection(SolutionProperties) = preSolution
		HideSolutionNode = FALSE
	EndGlobalSection
	GlobalSection(ExtensibilityGlobals) = postSolution
		SolutionGuid = {08554871-669A-4E92-9057-BEAAB7DDFCFF}
	EndGlobalSection
EndGlobal
